
Microsoft Visual Studio Solution File, Format Version 12.00
# Visual Studio Version 16
VisualStudioVersion = 16.0.30804.86
MinimumVisualStudioVersion = 10.0.40219.1
Project("{FAE04EC0-301F-11D3-BF4B-00C04F79EFBC}") = "WebApplication1", "WebApplication1\WebApplication1.csproj", "{BBB0E1B6-EB6D-4C43-833F-303AA1C6684A}"
EndProject
Global
	GlobalSection(SolutionConfigurationPlatforms) = preSolution
		Debug|Any CPU = Debug|Any CPU
		Release|Any CPU = Release|Any CPU
	EndGlobalSection
	GlobalSection(ProjectConfigurationPlatforms) = postSolution
		{BBB0E1B6-EB6D-4C43-833F-303AA1C6684A}.Debug|Any CPU.ActiveCfg = Debug|Any CPU
		{BBB0E1B6-EB6D-4C43-833F-303AA1C6684A}.Debug|Any CPU.Build.0 = Debug|Any CPU
		{BBB0E1B6-EB6D-4C43-833F-303AA1C6684A}.Release|Any CPU.ActiveCfg = Release|Any CPU
		{BBB0E1B6-EB6D-4C43-833F-303AA1C6684A}.Release|Any CPU.Build.0 = Release|Any CPU
	EndGlobalSection
	GlobalSection(SolutionProperties) = preSolution
		HideSolutionNode = FALSE
	EndGlobalSection
	GlobalSection(ExtensibilityGlobals) = postSolution
		SolutionGuid = {608D6BE3-D2D2-4BB6-9A1F-9D7CF2C4D339}
	EndGlobalSection
EndGlobal
